
Microsoft Visual Studio Solution File, Format Version 12.00
# Visual Studio Version 17
VisualStudioVersion = 17.2.32519.379
MinimumVisualStudioVersion = 10.0.40219.1
Project("{E24C65DC-7377-472B-9ABA-BC803B73C61A}") = "TempService", ".", "{6E283AC2-146F-4249-A483-7415BEDC60AE}"
	ProjectSection(WebsiteProperties) = preProject
		TargetFrameworkMoniker = ".NETFramework,Version%3Dv4.6.1"
		Debug.AspNetCompiler.VirtualPath = "/localhost_59570"
		Debug.AspNetCompiler.PhysicalPath = "..\TempService\"
		Debug.AspNetCompiler.TargetPath = "PrecompiledWeb\localhost_59570\"
		Debug.AspNetCompiler.Updateable = "true"
		Debug.AspNetCompiler.ForceOverwrite = "true"
		Debug.AspNetCompiler.FixedNames = "false"
		Debug.AspNetCompiler.Debug = "True"
		Release.AspNetCompiler.VirtualPath = "/localhost_59570"
		Release.AspNetCompiler.PhysicalPath = "..\TempService\"
		Release.AspNetCompiler.TargetPath = "PrecompiledWeb\localhost_59570\"
		Release.AspNetCompiler.Updateable = "true"
		Release.AspNetCompiler.ForceOverwrite = "true"
		Release.AspNetCompiler.FixedNames = "false"
		Release.AspNetCompiler.Debug = "False"
		VWDPort = "59570"
		SlnRelativePath = "..\TempService\"
		DefaultWebSiteLanguage = "Visual C#"
	EndProjectSection
EndProject
Global
	GlobalSection(SolutionConfigurationPlatforms) = preSolution
		Debug|Any CPU = Debug|Any CPU
	EndGlobalSection
	GlobalSection(ProjectConfigurationPlatforms) = postSolution
		{6E283AC2-146F-4249-A483-7415BEDC60AE}.Debug|Any CPU.ActiveCfg = Debug|Any CPU
		{6E283AC2-146F-4249-A483-7415BEDC60AE}.Debug|Any CPU.Build.0 = Debug|Any CPU
	EndGlobalSection
	GlobalSection(SolutionProperties) = preSolution
		HideSolutionNode = FALSE
	EndGlobalSection
	GlobalSection(ExtensibilityGlobals) = postSolution
		SolutionGuid = {ECD73006-364F-42D4-B69D-D7BB39659612}
	EndGlobalSection
EndGlobal
