
Microsoft Visual Studio Solution File, Format Version 12.00
# Visual Studio Version 17
VisualStudioVersion = 17.1.32421.90
MinimumVisualStudioVersion = 10.0.40219.1
Project("{FAE04EC0-301F-11D3-BF4B-00C04F79EFBC}") = "TCKontrol", "TCKontrol.csproj", "{482DD257-2835-4A42-8CD7-67DDB7693491}"
EndProject
Global
	GlobalSection(SolutionConfigurationPlatforms) = preSolution
		Debug|Any CPU = Debug|Any CPU
		Release|Any CPU = Release|Any CPU
	EndGlobalSection
	GlobalSection(ProjectConfigurationPlatforms) = postSolution
		{482DD257-2835-4A42-8CD7-67DDB7693491}.Debug|Any CPU.ActiveCfg = Debug|Any CPU
		{482DD257-2835-4A42-8CD7-67DDB7693491}.Debug|Any CPU.Build.0 = Debug|Any CPU
		{482DD257-2835-4A42-8CD7-67DDB7693491}.Release|Any CPU.ActiveCfg = Release|Any CPU
		{482DD257-2835-4A42-8CD7-67DDB7693491}.Release|Any CPU.Build.0 = Release|Any CPU
	EndGlobalSection
	GlobalSection(SolutionProperties) = preSolution
		HideSolutionNode = FALSE
	EndGlobalSection
	GlobalSection(ExtensibilityGlobals) = postSolution
		SolutionGuid = {9E54F396-17E4-4824-AE4E-F0AD1D8EE63B}
	EndGlobalSection
EndGlobal
